Microsoft Visual Studio Solution File, Format Version 12.00
# Visual Studio Version 17
VisualStudioVersion = 17.0.31903.59
MinimumVisualStudioVersion = 10.0.40219.1
Project("{2150E333-8FDC-42A3-9474-1A3956D46DE8}") = "src", "src", "{02EA681E-C7D8-13C7-8484-4AC65E1B71E8}"
EndProject
Project("{2150E333-8FDC-42A3-9474-1A3956D46DE8}") = "tests", "tests", "{FE7CDB21-65C2-4952-8A80-DE23E4FD7F1C}"
EndProject
Project("{FAE04EC0-301F-11D3-BF4B-00C04F79EFBC}") = "ClinicApp.Domain.Tests.UnitTest", "tests\ClinicApp.Domain.Tests.UnitTest\ClinicApp.Domain.Tests.UnitTest.csproj", "{C027DA9C-8F6D-4E1E-93A1-A9A894D8D45F}"
EndProject
Project("{FAE04EC0-301F-11D3-BF4B-00C04F79EFBC}") = "ClinicApp.Presentation.Tests.IntegrationTest", "tests\ClinicApp.Presentation.Tests.IntegrationTest\ClinicApp.Presentation.Tests.IntegrationTest.csproj", "{4BFC359C-24F7-687F-0B12-EDFF515FF2DF}"
EndProject
Project("{FAE04EC0-301F-11D3-BF4B-00C04F79EFBC}") = "ClinicApp.Application.Tests.UnitTest", "tests\ClinicApp.Application.Tests.UnitTest\ClinicApp.Application.Tests.UnitTest.csproj", "{BE5D8959-5577-4877-B50D-0216865348EC}"
EndProject
Project("{2150E333-8FDC-42A3-9474-1A3956D46DE8}") = "aspire", "aspire", "{054549EC-349C-46F5-9762-CE1811F43953}"
EndProject
Project("{FAE04EC0-301F-11D3-BF4B-00C04F79EFBC}") = "ClinicApp.AppHost", "aspire\ClinicApp.AppHost\ClinicApp.AppHost.csproj", "{78046AE2-AB1D-4099-AD92-FD4833867B1D}"
EndProject
Project("{FAE04EC0-301F-11D3-BF4B-00C04F79EFBC}") = "ClinicApp.ServiceDefaults", "aspire\ClinicApp.ServiceDefaults\ClinicApp.ServiceDefaults.csproj", "{DD07CBBC-C643-9052-D0F8-9A98DC5158EB}"
EndProject
Project("{2150E333-8FDC-42A3-9474-1A3956D46DE8}") = "Solution Items", "Solution Items", "{8EC462FD-D22E-90A8-E5CE-7E832BA40C5D}"
	ProjectSection(SolutionItems) = preProject
		.editorconfig = .editorconfig
	EndProjectSection
EndProject
Project("{2150E333-8FDC-42A3-9474-1A3956D46DE8}") = "auth", "auth", "{C9BEB82A-FFD8-40CD-B0E8-FB2C0728B8C5}"
EndProject
Project("{FAE04EC0-301F-11D3-BF4B-00C04F79EFBC}") = "ClinicApp.Identity.BFF", "auth\ClinicApp.Identity.BFF\ClinicApp.Identity.BFF.csproj", "{97A63EEA-FB43-FB86-9394-D8A454615431}"
EndProject
Project("{FAE04EC0-301F-11D3-BF4B-00C04F79EFBC}") = "ClinicApp.Identity.Server", "auth\ClinicApp.Identity.Server\ClinicApp.Identity.Server.csproj", "{8C17EFDE-B971-1E40-3E4C-EBD930A99A2A}"
EndProject
Project("{2150E333-8FDC-42A3-9474-1A3956D46DE8}") = "ClinicApp.Sessions", "ClinicApp.Sessions", "{5652CEFE-CBBC-4AF7-A4A1-A2ED3906E321}"
EndProject
Project("{2150E333-8FDC-42A3-9474-1A3956D46DE8}") = "ClinicApp.Resources", "ClinicApp.Resources", "{F36413D0-CA07-4750-8B2B-D9DAAE165B0C}"
EndProject
Project("{FAE04EC0-301F-11D3-BF4B-00C04F79EFBC}") = "ClinicApp.Application", "src\ClinicApp.Sessions\ClinicApp.Application\ClinicApp.Application.csproj", "{BBBD1D4D-5299-FF3E-AC2A-A016AF3CCB6F}"
EndProject
Project("{FAE04EC0-301F-11D3-BF4B-00C04F79EFBC}") = "ClinicApp.Domain", "src\ClinicApp.Sessions\ClinicApp.Domain\ClinicApp.Domain.csproj", "{1293C637-4874-7811-931A-A41D368F89D3}"
EndProject
Project("{FAE04EC0-301F-11D3-BF4B-00C04F79EFBC}") = "ClinicApp.Presentation", "src\ClinicApp.Sessions\ClinicApp.Presentation\ClinicApp.Presentation.csproj", "{F1BA4A6F-540F-4E61-CE80-7AD9BCBABE1C}"
EndProject
Project("{FAE04EC0-301F-11D3-BF4B-00C04F79EFBC}") = "ClinicApp.Shared", "src\ClinicApp.Sessions\ClinicApp.Shared\ClinicApp.Shared.csproj", "{C38EE8D5-3A94-F35C-C1BD-CDDB5B86BC49}"
EndProject
Project("{FAE04EC0-301F-11D3-BF4B-00C04F79EFBC}") = "ClinicApp.Infrastructure", "src\ClinicApp.Sessions\ClinicApp.Infrastructure\ClinicApp.Infrastructure.csproj", "{1E8EF3A3-7ACE-8472-8777-D11A5262D58A}"
EndProject
Project("{FAE04EC0-301F-11D3-BF4B-00C04F79EFBC}") = "API", "src\ClinicApp.Resources\API\API.csproj", "{DB20EE39-6A6C-943C-553E-F5AB8A2D0C79}"
EndProject
Project("{FAE04EC0-301F-11D3-BF4B-00C04F79EFBC}") = "ClinciApp.SharedBuildingBlocks", "src\ClinciApp.SharedBuildingBlocks\ClinciApp.SharedBuildingBlocks.csproj", "{867E9064-F034-4F90-A1D6-E29BE8C55EAF}"
EndProject
Project("{FAE04EC0-301F-11D3-BF4B-00C04F79EFBC}") = "ClinicApp.Contracts", "ClinicApp.Contracts\ClinicApp.Contracts.csproj", "{4E6FDB8F-D56D-4205-91E9-5B301FCA2C7C}"
EndProject
Project("{FAE04EC0-301F-11D3-BF4B-00C04F79EFBC}") = "ClinicApp.Testing.E2E", "tests\ClinicApp.Testing.E2E\ClinicApp.Testing.E2E.csproj", "{312BA725-6B15-4B14-BE7C-5D60F9DC2DD1}"
EndProject
Project("{FAE04EC0-301F-11D3-BF4B-00C04F79EFBC}") = "ClinicApp.Resources.Testing.Integration", "ClinicApp.Resources.Testing.Integration\ClinicApp.Resources.Testing.Integration.csproj", "{4D793487-411D-4591-BD03-4797DC3A4E18}"
EndProject
Global
	GlobalSection(SolutionConfigurationPlatforms) = preSolution
		Debug|Any CPU = Debug|Any CPU
		Release|Any CPU = Release|Any CPU
	EndGlobalSection
	GlobalSection(ProjectConfigurationPlatforms) = postSolution
		{C027DA9C-8F6D-4E1E-93A1-A9A894D8D45F}.Debug|Any CPU.ActiveCfg = Debug|Any CPU
		{C027DA9C-8F6D-4E1E-93A1-A9A894D8D45F}.Debug|Any CPU.Build.0 = Debug|Any CPU
		{C027DA9C-8F6D-4E1E-93A1-A9A894D8D45F}.Release|Any CPU.ActiveCfg = Release|Any CPU
		{C027DA9C-8F6D-4E1E-93A1-A9A894D8D45F}.Release|Any CPU.Build.0 = Release|Any CPU
		{4BFC359C-24F7-687F-0B12-EDFF515FF2DF}.Debug|Any CPU.ActiveCfg = Debug|Any CPU
		{4BFC359C-24F7-687F-0B12-EDFF515FF2DF}.Debug|Any CPU.Build.0 = Debug|Any CPU
		{4BFC359C-24F7-687F-0B12-EDFF515FF2DF}.Release|Any CPU.ActiveCfg = Release|Any CPU
		{4BFC359C-24F7-687F-0B12-EDFF515FF2DF}.Release|Any CPU.Build.0 = Release|Any CPU
		{BE5D8959-5577-4877-B50D-0216865348EC}.Debug|Any CPU.ActiveCfg = Debug|Any CPU
		{BE5D8959-5577-4877-B50D-0216865348EC}.Debug|Any CPU.Build.0 = Debug|Any CPU
		{BE5D8959-5577-4877-B50D-0216865348EC}.Release|Any CPU.ActiveCfg = Release|Any CPU
		{BE5D8959-5577-4877-B50D-0216865348EC}.Release|Any CPU.Build.0 = Release|Any CPU
		{78046AE2-AB1D-4099-AD92-FD4833867B1D}.Debug|Any CPU.ActiveCfg = Debug|Any CPU
		{78046AE2-AB1D-4099-AD92-FD4833867B1D}.Debug|Any CPU.Build.0 = Debug|Any CPU
		{78046AE2-AB1D-4099-AD92-FD4833867B1D}.Release|Any CPU.ActiveCfg = Release|Any CPU
		{78046AE2-AB1D-4099-AD92-FD4833867B1D}.Release|Any CPU.Build.0 = Release|Any CPU
		{DD07CBBC-C643-9052-D0F8-9A98DC5158EB}.Debug|Any CPU.ActiveCfg = Debug|Any CPU
		{DD07CBBC-C643-9052-D0F8-9A98DC5158EB}.Debug|Any CPU.Build.0 = Debug|Any CPU
		{DD07CBBC-C643-9052-D0F8-9A98DC5158EB}.Release|Any CPU.ActiveCfg = Release|Any CPU
		{DD07CBBC-C643-9052-D0F8-9A98DC5158EB}.Release|Any CPU.Build.0 = Release|Any CPU
		{97A63EEA-FB43-FB86-9394-D8A454615431}.Debug|Any CPU.ActiveCfg = Debug|Any CPU
		{97A63EEA-FB43-FB86-9394-D8A454615431}.Debug|Any CPU.Build.0 = Debug|Any CPU
		{97A63EEA-FB43-FB86-9394-D8A454615431}.Release|Any CPU.ActiveCfg = Release|Any CPU
		{97A63EEA-FB43-FB86-9394-D8A454615431}.Release|Any CPU.Build.0 = Release|Any CPU
		{8C17EFDE-B971-1E40-3E4C-EBD930A99A2A}.Debug|Any CPU.ActiveCfg = Debug|Any CPU
		{8C17EFDE-B971-1E40-3E4C-EBD930A99A2A}.Debug|Any CPU.Build.0 = Debug|Any CPU
		{8C17EFDE-B971-1E40-3E4C-EBD930A99A2A}.Release|Any CPU.ActiveCfg = Release|Any CPU
		{8C17EFDE-B971-1E40-3E4C-EBD930A99A2A}.Release|Any CPU.Build.0 = Release|Any CPU
		{BBBD1D4D-5299-FF3E-AC2A-A016AF3CCB6F}.Debug|Any CPU.ActiveCfg = Debug|Any CPU
		{BBBD1D4D-5299-FF3E-AC2A-A016AF3CCB6F}.Debug|Any CPU.Build.0 = Debug|Any CPU
		{BBBD1D4D-5299-FF3E-AC2A-A016AF3CCB6F}.Release|Any CPU.ActiveCfg = Release|Any CPU
		{BBBD1D4D-5299-FF3E-AC2A-A016AF3CCB6F}.Release|Any CPU.Build.0 = Release|Any CPU
		{1293C637-4874-7811-931A-A41D368F89D3}.Debug|Any CPU.ActiveCfg = Debug|Any CPU
		{1293C637-4874-7811-931A-A41D368F89D3}.Debug|Any CPU.Build.0 = Debug|Any CPU
		{1293C637-4874-7811-931A-A41D368F89D3}.Release|Any CPU.ActiveCfg = Release|Any CPU
		{1293C637-4874-7811-931A-A41D368F89D3}.Release|Any CPU.Build.0 = Release|Any CPU
		{F1BA4A6F-540F-4E61-CE80-7AD9BCBABE1C}.Debug|Any CPU.ActiveCfg = Debug|Any CPU
		{F1BA4A6F-540F-4E61-CE80-7AD9BCBABE1C}.Debug|Any CPU.Build.0 = Debug|Any CPU
		{F1BA4A6F-540F-4E61-CE80-7AD9BCBABE1C}.Release|Any CPU.ActiveCfg = Release|Any CPU
		{F1BA4A6F-540F-4E61-CE80-7AD9BCBABE1C}.Release|Any CPU.Build.0 = Release|Any CPU
		{C38EE8D5-3A94-F35C-C1BD-CDDB5B86BC49}.Debug|Any CPU.ActiveCfg = Debug|Any CPU
		{C38EE8D5-3A94-F35C-C1BD-CDDB5B86BC49}.Debug|Any CPU.Build.0 = Debug|Any CPU
		{C38EE8D5-3A94-F35C-C1BD-CDDB5B86BC49}.Release|Any CPU.ActiveCfg = Release|Any CPU
		{C38EE8D5-3A94-F35C-C1BD-CDDB5B86BC49}.Release|Any CPU.Build.0 = Release|Any CPU
		{1E8EF3A3-7ACE-8472-8777-D11A5262D58A}.Debug|Any CPU.ActiveCfg = Debug|Any CPU
		{1E8EF3A3-7ACE-8472-8777-D11A5262D58A}.Debug|Any CPU.Build.0 = Debug|Any CPU
		{1E8EF3A3-7ACE-8472-8777-D11A5262D58A}.Release|Any CPU.ActiveCfg = Release|Any CPU
		{1E8EF3A3-7ACE-8472-8777-D11A5262D58A}.Release|Any CPU.Build.0 = Release|Any CPU
		{DB20EE39-6A6C-943C-553E-F5AB8A2D0C79}.Debug|Any CPU.ActiveCfg = Debug|Any CPU
		{DB20EE39-6A6C-943C-553E-F5AB8A2D0C79}.Debug|Any CPU.Build.0 = Debug|Any CPU
		{DB20EE39-6A6C-943C-553E-F5AB8A2D0C79}.Release|Any CPU.ActiveCfg = Release|Any CPU
		{DB20EE39-6A6C-943C-553E-F5AB8A2D0C79}.Release|Any CPU.Build.0 = Release|Any CPU
		{867E9064-F034-4F90-A1D6-E29BE8C55EAF}.Debug|Any CPU.ActiveCfg = Debug|Any CPU
		{867E9064-F034-4F90-A1D6-E29BE8C55EAF}.Debug|Any CPU.Build.0 = Debug|Any CPU
		{867E9064-F034-4F90-A1D6-E29BE8C55EAF}.Release|Any CPU.ActiveCfg = Release|Any CPU
		{867E9064-F034-4F90-A1D6-E29BE8C55EAF}.Release|Any CPU.Build.0 = Release|Any CPU
		{4E6FDB8F-D56D-4205-91E9-5B301FCA2C7C}.Debug|Any CPU.ActiveCfg = Debug|Any CPU
		{4E6FDB8F-D56D-4205-91E9-5B301FCA2C7C}.Debug|Any CPU.Build.0 = Debug|Any CPU
		{4E6FDB8F-D56D-4205-91E9-5B301FCA2C7C}.Release|Any CPU.ActiveCfg = Release|Any CPU
		{4E6FDB8F-D56D-4205-91E9-5B301FCA2C7C}.Release|Any CPU.Build.0 = Release|Any CPU
		{312BA725-6B15-4B14-BE7C-5D60F9DC2DD1}.Debug|Any CPU.ActiveCfg = Debug|Any CPU
		{312BA725-6B15-4B14-BE7C-5D60F9DC2DD1}.Debug|Any CPU.Build.0 = Debug|Any CPU
		{312BA725-6B15-4B14-BE7C-5D60F9DC2DD1}.Release|Any CPU.ActiveCfg = Release|Any CPU
		{312BA725-6B15-4B14-BE7C-5D60F9DC2DD1}.Release|Any CPU.Build.0 = Release|Any CPU
		{4D793487-411D-4591-BD03-4797DC3A4E18}.Debug|Any CPU.ActiveCfg = Debug|Any CPU
		{4D793487-411D-4591-BD03-4797DC3A4E18}.Debug|Any CPU.Build.0 = Debug|Any CPU
		{4D793487-411D-4591-BD03-4797DC3A4E18}.Release|Any CPU.ActiveCfg = Release|Any CPU
		{4D793487-411D-4591-BD03-4797DC3A4E18}.Release|Any CPU.Build.0 = Release|Any CPU
	EndGlobalSection
	GlobalSection(SolutionProperties) = preSolution
		HideSolutionNode = FALSE
	EndGlobalSection
	GlobalSection(NestedProjects) = preSolution
		{C027DA9C-8F6D-4E1E-93A1-A9A894D8D45F} = {FE7CDB21-65C2-4952-8A80-DE23E4FD7F1C}
		{4BFC359C-24F7-687F-0B12-EDFF515FF2DF} = {FE7CDB21-65C2-4952-8A80-DE23E4FD7F1C}
		{BE5D8959-5577-4877-B50D-0216865348EC} = {FE7CDB21-65C2-4952-8A80-DE23E4FD7F1C}
		{78046AE2-AB1D-4099-AD92-FD4833867B1D} = {054549EC-349C-46F5-9762-CE1811F43953}
		{DD07CBBC-C643-9052-D0F8-9A98DC5158EB} = {054549EC-349C-46F5-9762-CE1811F43953}
		{97A63EEA-FB43-FB86-9394-D8A454615431} = {C9BEB82A-FFD8-40CD-B0E8-FB2C0728B8C5}
		{8C17EFDE-B971-1E40-3E4C-EBD930A99A2A} = {C9BEB82A-FFD8-40CD-B0E8-FB2C0728B8C5}
		{5652CEFE-CBBC-4AF7-A4A1-A2ED3906E321} = {02EA681E-C7D8-13C7-8484-4AC65E1B71E8}
		{F36413D0-CA07-4750-8B2B-D9DAAE165B0C} = {02EA681E-C7D8-13C7-8484-4AC65E1B71E8}
		{BBBD1D4D-5299-FF3E-AC2A-A016AF3CCB6F} = {5652CEFE-CBBC-4AF7-A4A1-A2ED3906E321}
		{1293C637-4874-7811-931A-A41D368F89D3} = {5652CEFE-CBBC-4AF7-A4A1-A2ED3906E321}
		{F1BA4A6F-540F-4E61-CE80-7AD9BCBABE1C} = {5652CEFE-CBBC-4AF7-A4A1-A2ED3906E321}
		{C38EE8D5-3A94-F35C-C1BD-CDDB5B86BC49} = {5652CEFE-CBBC-4AF7-A4A1-A2ED3906E321}
		{1E8EF3A3-7ACE-8472-8777-D11A5262D58A} = {5652CEFE-CBBC-4AF7-A4A1-A2ED3906E321}
		{DB20EE39-6A6C-943C-553E-F5AB8A2D0C79} = {F36413D0-CA07-4750-8B2B-D9DAAE165B0C}
		{867E9064-F034-4F90-A1D6-E29BE8C55EAF} = {02EA681E-C7D8-13C7-8484-4AC65E1B71E8}
		{4E6FDB8F-D56D-4205-91E9-5B301FCA2C7C} = {02EA681E-C7D8-13C7-8484-4AC65E1B71E8}
		{312BA725-6B15-4B14-BE7C-5D60F9DC2DD1} = {FE7CDB21-65C2-4952-8A80-DE23E4FD7F1C}
		{4D793487-411D-4591-BD03-4797DC3A4E18} = {FE7CDB21-65C2-4952-8A80-DE23E4FD7F1C}
	EndGlobalSection
	GlobalSection(ExtensibilityGlobals) = postSolution
		SolutionGuid = {28E7AD30-B8DF-4623-8D1F-A5BAD12EA064}
	EndGlobalSection
EndGlobal
