
Microsoft Visual Studio Solution File, Format Version 12.00
# Visual Studio Version 17
VisualStudioVersion = 17.0.31903.59
MinimumVisualStudioVersion = 10.0.40219.1
Project("{2150E333-8FDC-42A3-9474-1A3956D46DE8}") = "src", "src", "{02EA681E-C7D8-13C7-8484-4AC65E1B71E8}"
EndProject
Project("{2150E333-8FDC-42A3-9474-1A3956D46DE8}") = "tests", "tests", "{FE7CDB21-65C2-4952-8A80-DE23E4FD7F1C}"
EndProject
Project("{FAE04EC0-301F-11D3-BF4B-00C04F79EFBC}") = "ClinicApp.Domain", "src\ClinicApp.Domain\ClinicApp.Domain.csproj", "{4B11163E-94E6-49AA-90BD-FC9947EBD5C1}"
EndProject
Project("{FAE04EC0-301F-11D3-BF4B-00C04F79EFBC}") = "ClinicApp.Application", "src\ClinicApp.Application\ClinicApp.Application.csproj", "{40841991-CC06-4BE0-A944-2BCBF462A5B6}"
EndProject
Project("{FAE04EC0-301F-11D3-BF4B-00C04F79EFBC}") = "ClinicApp.Infrastructure", "src\ClinicApp.Infrastructure\ClinicApp.Infrastructure.csproj", "{72A6F187-4DBA-45E5-9814-83C77863B207}"
EndProject
Project("{FAE04EC0-301F-11D3-BF4B-00C04F79EFBC}") = "ClinicApp.Presentation", "src\ClinicApp.Presentation\ClinicApp.Presentation.csproj", "{E8EEA5B9-2908-4387-9161-B1BE09407776}"
EndProject
Project("{FAE04EC0-301F-11D3-BF4B-00C04F79EFBC}") = "ClinicApp.Domain.Tests.UnitTest", "tests\ClinicApp.Domain.Tests.UnitTest\ClinicApp.Domain.Tests.UnitTest.csproj", "{C027DA9C-8F6D-4E1E-93A1-A9A894D8D45F}"
EndProject
Project("{FAE04EC0-301F-11D3-BF4B-00C04F79EFBC}") = "ClinicApp.Presentation.Tests.IntegrationTest", "tests\ClinicApp.Presentation.Tests.IntegrationTest\ClinicApp.Presentation.Tests.IntegrationTest.csproj", "{4BFC359C-24F7-687F-0B12-EDFF515FF2DF}"
EndProject
Project("{FAE04EC0-301F-11D3-BF4B-00C04F79EFBC}") = "ClinicApp.Application.Tests.UnitTest", "tests\ClinicApp.Application.Tests.UnitTest\ClinicApp.Application.Tests.UnitTest.csproj", "{BE5D8959-5577-4877-B50D-0216865348EC}"
EndProject
Project("{2150E333-8FDC-42A3-9474-1A3956D46DE8}") = "aspire", "aspire", "{054549EC-349C-46F5-9762-CE1811F43953}"
EndProject
Project("{FAE04EC0-301F-11D3-BF4B-00C04F79EFBC}") = "ClinicApp.AppHost", "aspire\ClinicApp.AppHost\ClinicApp.AppHost.csproj", "{78046AE2-AB1D-4099-AD92-FD4833867B1D}"
EndProject
Project("{FAE04EC0-301F-11D3-BF4B-00C04F79EFBC}") = "ClinicApp.ServiceDefaults", "aspire\ClinicApp.ServiceDefaults\ClinicApp.ServiceDefaults.csproj", "{DD07CBBC-C643-9052-D0F8-9A98DC5158EB}"
EndProject
Project("{2150E333-8FDC-42A3-9474-1A3956D46DE8}") = "Solution Items", "Solution Items", "{8EC462FD-D22E-90A8-E5CE-7E832BA40C5D}"
	ProjectSection(SolutionItems) = preProject
		.editorconfig = .editorconfig
	EndProjectSection
EndProject
Project("{FAE04EC0-301F-11D3-BF4B-00C04F79EFBC}") = "ClinicApp.Shared", "src\ClinicApp.Shared\ClinicApp.Shared.csproj", "{1CBAF785-E279-43EC-8928-9C19F547567E}"
EndProject
Project("{2150E333-8FDC-42A3-9474-1A3956D46DE8}") = "auth", "auth", "{C9BEB82A-FFD8-40CD-B0E8-FB2C0728B8C5}"
EndProject
Project("{FAE04EC0-301F-11D3-BF4B-00C04F79EFBC}") = "ClinicApp.Identity.BFF", "auth\ClinicApp.Identity.BFF\ClinicApp.Identity.BFF.csproj", "{97A63EEA-FB43-FB86-9394-D8A454615431}"
EndProject
Project("{FAE04EC0-301F-11D3-BF4B-00C04F79EFBC}") = "ClinicApp.Identity.Server", "auth\ClinicApp.Identity.Server\ClinicApp.Identity.Server.csproj", "{8C17EFDE-B971-1E40-3E4C-EBD930A99A2A}"
EndProject
Global
	GlobalSection(SolutionConfigurationPlatforms) = preSolution
		Debug|Any CPU = Debug|Any CPU
		Release|Any CPU = Release|Any CPU
	EndGlobalSection
	GlobalSection(ProjectConfigurationPlatforms) = postSolution
		{4B11163E-94E6-49AA-90BD-FC9947EBD5C1}.Debug|Any CPU.ActiveCfg = Debug|Any CPU
		{4B11163E-94E6-49AA-90BD-FC9947EBD5C1}.Debug|Any CPU.Build.0 = Debug|Any CPU
		{4B11163E-94E6-49AA-90BD-FC9947EBD5C1}.Release|Any CPU.ActiveCfg = Release|Any CPU
		{4B11163E-94E6-49AA-90BD-FC9947EBD5C1}.Release|Any CPU.Build.0 = Release|Any CPU
		{40841991-CC06-4BE0-A944-2BCBF462A5B6}.Debug|Any CPU.ActiveCfg = Debug|Any CPU
		{40841991-CC06-4BE0-A944-2BCBF462A5B6}.Debug|Any CPU.Build.0 = Debug|Any CPU
		{40841991-CC06-4BE0-A944-2BCBF462A5B6}.Release|Any CPU.ActiveCfg = Release|Any CPU
		{40841991-CC06-4BE0-A944-2BCBF462A5B6}.Release|Any CPU.Build.0 = Release|Any CPU
		{72A6F187-4DBA-45E5-9814-83C77863B207}.Debug|Any CPU.ActiveCfg = Debug|Any CPU
		{72A6F187-4DBA-45E5-9814-83C77863B207}.Debug|Any CPU.Build.0 = Debug|Any CPU
		{72A6F187-4DBA-45E5-9814-83C77863B207}.Release|Any CPU.ActiveCfg = Release|Any CPU
		{72A6F187-4DBA-45E5-9814-83C77863B207}.Release|Any CPU.Build.0 = Release|Any CPU
		{E8EEA5B9-2908-4387-9161-B1BE09407776}.Debug|Any CPU.ActiveCfg = Debug|Any CPU
		{E8EEA5B9-2908-4387-9161-B1BE09407776}.Debug|Any CPU.Build.0 = Debug|Any CPU
		{E8EEA5B9-2908-4387-9161-B1BE09407776}.Release|Any CPU.ActiveCfg = Release|Any CPU
		{E8EEA5B9-2908-4387-9161-B1BE09407776}.Release|Any CPU.Build.0 = Release|Any CPU
		{C027DA9C-8F6D-4E1E-93A1-A9A894D8D45F}.Debug|Any CPU.ActiveCfg = Debug|Any CPU
		{C027DA9C-8F6D-4E1E-93A1-A9A894D8D45F}.Debug|Any CPU.Build.0 = Debug|Any CPU
		{C027DA9C-8F6D-4E1E-93A1-A9A894D8D45F}.Release|Any CPU.ActiveCfg = Release|Any CPU
		{C027DA9C-8F6D-4E1E-93A1-A9A894D8D45F}.Release|Any CPU.Build.0 = Release|Any CPU
		{4BFC359C-24F7-687F-0B12-EDFF515FF2DF}.Debug|Any CPU.ActiveCfg = Debug|Any CPU
		{4BFC359C-24F7-687F-0B12-EDFF515FF2DF}.Debug|Any CPU.Build.0 = Debug|Any CPU
		{4BFC359C-24F7-687F-0B12-EDFF515FF2DF}.Release|Any CPU.ActiveCfg = Release|Any CPU
		{4BFC359C-24F7-687F-0B12-EDFF515FF2DF}.Release|Any CPU.Build.0 = Release|Any CPU
		{BE5D8959-5577-4877-B50D-0216865348EC}.Debug|Any CPU.ActiveCfg = Debug|Any CPU
		{BE5D8959-5577-4877-B50D-0216865348EC}.Debug|Any CPU.Build.0 = Debug|Any CPU
		{BE5D8959-5577-4877-B50D-0216865348EC}.Release|Any CPU.ActiveCfg = Release|Any CPU
		{BE5D8959-5577-4877-B50D-0216865348EC}.Release|Any CPU.Build.0 = Release|Any CPU
		{78046AE2-AB1D-4099-AD92-FD4833867B1D}.Debug|Any CPU.ActiveCfg = Debug|Any CPU
		{78046AE2-AB1D-4099-AD92-FD4833867B1D}.Debug|Any CPU.Build.0 = Debug|Any CPU
		{78046AE2-AB1D-4099-AD92-FD4833867B1D}.Release|Any CPU.ActiveCfg = Release|Any CPU
		{78046AE2-AB1D-4099-AD92-FD4833867B1D}.Release|Any CPU.Build.0 = Release|Any CPU
		{DD07CBBC-C643-9052-D0F8-9A98DC5158EB}.Debug|Any CPU.ActiveCfg = Debug|Any CPU
		{DD07CBBC-C643-9052-D0F8-9A98DC5158EB}.Debug|Any CPU.Build.0 = Debug|Any CPU
		{DD07CBBC-C643-9052-D0F8-9A98DC5158EB}.Release|Any CPU.ActiveCfg = Release|Any CPU
		{DD07CBBC-C643-9052-D0F8-9A98DC5158EB}.Release|Any CPU.Build.0 = Release|Any CPU
		{1CBAF785-E279-43EC-8928-9C19F547567E}.Debug|Any CPU.ActiveCfg = Debug|Any CPU
		{1CBAF785-E279-43EC-8928-9C19F547567E}.Debug|Any CPU.Build.0 = Debug|Any CPU
		{1CBAF785-E279-43EC-8928-9C19F547567E}.Release|Any CPU.ActiveCfg = Release|Any CPU
		{1CBAF785-E279-43EC-8928-9C19F547567E}.Release|Any CPU.Build.0 = Release|Any CPU
		{97A63EEA-FB43-FB86-9394-D8A454615431}.Debug|Any CPU.ActiveCfg = Debug|Any CPU
		{97A63EEA-FB43-FB86-9394-D8A454615431}.Debug|Any CPU.Build.0 = Debug|Any CPU
		{97A63EEA-FB43-FB86-9394-D8A454615431}.Release|Any CPU.ActiveCfg = Release|Any CPU
		{97A63EEA-FB43-FB86-9394-D8A454615431}.Release|Any CPU.Build.0 = Release|Any CPU
		{8C17EFDE-B971-1E40-3E4C-EBD930A99A2A}.Debug|Any CPU.ActiveCfg = Debug|Any CPU
		{8C17EFDE-B971-1E40-3E4C-EBD930A99A2A}.Debug|Any CPU.Build.0 = Debug|Any CPU
		{8C17EFDE-B971-1E40-3E4C-EBD930A99A2A}.Release|Any CPU.ActiveCfg = Release|Any CPU
		{8C17EFDE-B971-1E40-3E4C-EBD930A99A2A}.Release|Any CPU.Build.0 = Release|Any CPU
	EndGlobalSection
	GlobalSection(SolutionProperties) = preSolution
		HideSolutionNode = FALSE
	EndGlobalSection
	GlobalSection(NestedProjects) = preSolution
		{4B11163E-94E6-49AA-90BD-FC9947EBD5C1} = {02EA681E-C7D8-13C7-8484-4AC65E1B71E8}
		{40841991-CC06-4BE0-A944-2BCBF462A5B6} = {02EA681E-C7D8-13C7-8484-4AC65E1B71E8}
		{72A6F187-4DBA-45E5-9814-83C77863B207} = {02EA681E-C7D8-13C7-8484-4AC65E1B71E8}
		{E8EEA5B9-2908-4387-9161-B1BE09407776} = {02EA681E-C7D8-13C7-8484-4AC65E1B71E8}
		{C027DA9C-8F6D-4E1E-93A1-A9A894D8D45F} = {FE7CDB21-65C2-4952-8A80-DE23E4FD7F1C}
		{4BFC359C-24F7-687F-0B12-EDFF515FF2DF} = {FE7CDB21-65C2-4952-8A80-DE23E4FD7F1C}
		{BE5D8959-5577-4877-B50D-0216865348EC} = {FE7CDB21-65C2-4952-8A80-DE23E4FD7F1C}
		{78046AE2-AB1D-4099-AD92-FD4833867B1D} = {054549EC-349C-46F5-9762-CE1811F43953}
		{DD07CBBC-C643-9052-D0F8-9A98DC5158EB} = {054549EC-349C-46F5-9762-CE1811F43953}
		{1CBAF785-E279-43EC-8928-9C19F547567E} = {02EA681E-C7D8-13C7-8484-4AC65E1B71E8}
		{97A63EEA-FB43-FB86-9394-D8A454615431} = {C9BEB82A-FFD8-40CD-B0E8-FB2C0728B8C5}
		{8C17EFDE-B971-1E40-3E4C-EBD930A99A2A} = {C9BEB82A-FFD8-40CD-B0E8-FB2C0728B8C5}
	EndGlobalSection
	GlobalSection(ExtensibilityGlobals) = postSolution
		SolutionGuid = {28E7AD30-B8DF-4623-8D1F-A5BAD12EA064}
	EndGlobalSection
EndGlobal
